
Microsoft Visual Studio Solution File, Format Version 12.00
# Visual Studio Version 16
VisualStudioVersion = 16.0.29509.3
MinimumVisualStudioVersion = 10.0.40219.1
Project("{9A19103F-16F7-4668-BE54-9A1E7A4F7556}") = "portifolio.mvc", "inClass1b.mvc\portifolio.mvc.csproj", "{D19F8A17-E0E6-4CF5-B994-A4EE372E04E2}"
EndProject
Global
	GlobalSection(SolutionConfigurationPlatforms) = preSolution
		Debug|Any CPU = Debug|Any CPU
		Release|Any CPU = Release|Any CPU
	EndGlobalSection
	GlobalSection(ProjectConfigurationPlatforms) = postSolution
		{D19F8A17-E0E6-4CF5-B994-A4EE372E04E2}.Debug|Any CPU.ActiveCfg = Debug|Any CPU
		{D19F8A17-E0E6-4CF5-B994-A4EE372E04E2}.Debug|Any CPU.Build.0 = Debug|Any CPU
		{D19F8A17-E0E6-4CF5-B994-A4EE372E04E2}.Release|Any CPU.ActiveCfg = Release|Any CPU
		{D19F8A17-E0E6-4CF5-B994-A4EE372E04E2}.Release|Any CPU.Build.0 = Release|Any CPU
	EndGlobalSection
	GlobalSection(SolutionProperties) = preSolution
		HideSolutionNode = FALSE
	EndGlobalSection
	GlobalSection(ExtensibilityGlobals) = postSolution
		SolutionGuid = {B32B9FB9-6A59-416E-854B-FE6100812FC0}
	EndGlobalSection
EndGlobal
